
Microsoft Visual Studio Solution File, Format Version 11.00
# Visual Studio 2010
Project("{FAE04EC0-301F-11D3-BF4B-00C04F79EFBC}") = "GroundControl_Win", "GroundControl_Win\GroundControl_Win.csproj", "{0E80F3AF-1893-48CE-92C6-B4040150FFA4}"
EndProject
Project("{FAE04EC0-301F-11D3-BF4B-00C04F79EFBC}") = "GroundControlUI", "GroundControlUI\GroundControlUI.csproj", "{B34F9B7D-3158-4FCD-818B-32D654E584AD}"
EndProject
Project("{FAE04EC0-301F-11D3-BF4B-00C04F79EFBC}") = "GroundControl_Mono", "GroundControl_Mono\GroundControl_Mono.csproj", "{B500A215-09AB-4328-A2F0-A5BD7C8913C7}"
EndProject
Project("{FAE04EC0-301F-11D3-BF4B-00C04F79EFBC}") = "GroundControlCore", "GroundControlCore\GroundControlCore.csproj", "{332EC200-5E6F-474B-A7A3-0878F0A6E76A}"
EndProject
Project("{FAE04EC0-301F-11D3-BF4B-00C04F79EFBC}") = "WinFormsUI", "..\..\3rd Party\Software\Groundcontrol\DockPanel_Src\WinFormsUI\WinFormsUI.csproj", "{C75532C4-765B-418E-B09B-46D36B2ABDB1}"
EndProject
Project("{FAE04EC0-301F-11D3-BF4B-00C04F79EFBC}") = "AvionicsInstrumentControlDemo", "..\..\3rd Party\Software\Groundcontrol\AvionicsInstrumentControlDemo_Source\AvionicsInstrumentControlLib\AvionicsInstrumentControlDemo.csproj", "{1D3163E6-DC65-4595-9D51-4FD9174F2F61}"
EndProject
Project("{FAE04EC0-301F-11D3-BF4B-00C04F79EFBC}") = "UAVCommons", "..\Commons\UAVCommons\UAVCommons.csproj", "{BCEED3BC-F551-4048-A79F-744BAAFAB752}"
EndProject
Project("{FAE04EC0-301F-11D3-BF4B-00C04F79EFBC}") = "FlightControlCommons", "..\OnBoard\FlightControlCommons\FlightControlCommons.csproj", "{90E8371F-534B-4112-9371-2FED1258C078}"
EndProject
Project("{FAE04EC0-301F-11D3-BF4B-00C04F79EFBC}") = "FlowLayoutPanelwithdragging", "..\..\3rd Party\Software\Groundcontrol\FlowLayoutPanelWithProgressBars\FlowLayoutPanelwithdragging.csproj", "{E98A1113-29C7-4811-8BA7-748C294B612B}"
EndProject
Project("{FAE04EC0-301F-11D3-BF4B-00C04F79EFBC}") = "PIDLibrary", "..\..\3rd Party\Software\Libraries\PIDLibrary\PIDLibrary.csproj", "{47FF7121-D8B6-4E27-9F9E-402166B67305}"
EndProject
Project("{FAE04EC0-301F-11D3-BF4B-00C04F79EFBC}") = "ColorProgressBar", "..\..\3rd Party\Software\Groundcontrol\ColorProgressBar\ColorProgressBar.csproj", "{A7A170C5-C571-4294-82D4-50FFC8277E92}"
EndProject
Project("{FAE04EC0-301F-11D3-BF4B-00C04F79EFBC}") = "JoystickInterface", "..\..\3rd Party\Software\JoystickInterface\JoystickInterface.csproj", "{0D77953E-FD60-4824-A997-AF72E66EF8C1}"
EndProject
Project("{FAE04EC0-301F-11D3-BF4B-00C04F79EFBC}") = "SharpGps", "..\..\3rd Party\Software\Libraries\SharpGps\SharpGps.csproj", "{B5AADBAC-5D88-474B-BF38-EC0F0025415B}"
EndProject
Project("{FAE04EC0-301F-11D3-BF4B-00C04F79EFBC}") = "OpenGLUI", "OpenGLUI\OpenGLUI\OpenGLUI.csproj", "{EB9EB542-195E-40E1-9376-B9996FD150D9}"
EndProject
Project("{FAE04EC0-301F-11D3-BF4B-00C04F79EFBC}") = "FlightControl", "..\OnBoard\FlightControl_test\FlightControl.csproj", "{82FF5F88-B92C-4E12-9140-6CB3858A0225}"
EndProject
Project("{FAE04EC0-301F-11D3-BF4B-00C04F79EFBC}") = "USBWrapper", "..\..\3rd Party\Software\Libraries\pololu_usb_sdk\UsbWrapper_Linux\USBWrapper.csproj", "{52B4F9EF-F399-466D-A0F8-3873D8FED0F1}"
EndProject
Project("{FAE04EC0-301F-11D3-BF4B-00C04F79EFBC}") = "Usc", "..\..\3rd Party\Software\Libraries\pololu_usb_sdk\Maestro\Usc\Usc.csproj", "{3CE41957-F003-4EEF-82AB-3EBB2F88DDBC}"
EndProject
Global
	GlobalSection(SolutionConfigurationPlatforms) = preSolution
		Debug|Any CPU = Debug|Any CPU
		Debug|Mixed Platforms = Debug|Mixed Platforms
		Debug|x64 = Debug|x64
		Debug|x86 = Debug|x86
		Release|Any CPU = Release|Any CPU
		Release|Mixed Platforms = Release|Mixed Platforms
		Release|x64 = Release|x64
		Release|x86 = Release|x86
	EndGlobalSection
	GlobalSection(ProjectConfigurationPlatforms) = postSolution
		{0E80F3AF-1893-48CE-92C6-B4040150FFA4}.Debug|Any CPU.ActiveCfg = Debug|x86
		{0E80F3AF-1893-48CE-92C6-B4040150FFA4}.Debug|Mixed Platforms.ActiveCfg = Debug|x86
		{0E80F3AF-1893-48CE-92C6-B4040150FFA4}.Debug|Mixed Platforms.Build.0 = Debug|x86
		{0E80F3AF-1893-48CE-92C6-B4040150FFA4}.Debug|x64.ActiveCfg = Debug|x86
		{0E80F3AF-1893-48CE-92C6-B4040150FFA4}.Debug|x86.ActiveCfg = Debug|x86
		{0E80F3AF-1893-48CE-92C6-B4040150FFA4}.Debug|x86.Build.0 = Debug|x86
		{0E80F3AF-1893-48CE-92C6-B4040150FFA4}.Release|Any CPU.ActiveCfg = Release|x86
		{0E80F3AF-1893-48CE-92C6-B4040150FFA4}.Release|Mixed Platforms.ActiveCfg = Release|x86
		{0E80F3AF-1893-48CE-92C6-B4040150FFA4}.Release|Mixed Platforms.Build.0 = Release|x86
		{0E80F3AF-1893-48CE-92C6-B4040150FFA4}.Release|x64.ActiveCfg = Release|x86
		{0E80F3AF-1893-48CE-92C6-B4040150FFA4}.Release|x86.ActiveCfg = Release|x86
		{0E80F3AF-1893-48CE-92C6-B4040150FFA4}.Release|x86.Build.0 = Release|x86
		{B34F9B7D-3158-4FCD-818B-32D654E584AD}.Debug|Any CPU.ActiveCfg = Debug|x86
		{B34F9B7D-3158-4FCD-818B-32D654E584AD}.Debug|Mixed Platforms.ActiveCfg = Debug|x86
		{B34F9B7D-3158-4FCD-818B-32D654E584AD}.Debug|Mixed Platforms.Build.0 = Debug|x86
		{B34F9B7D-3158-4FCD-818B-32D654E584AD}.Debug|x64.ActiveCfg = Debug|x86
		{B34F9B7D-3158-4FCD-818B-32D654E584AD}.Debug|x86.ActiveCfg = Debug|x86
		{B34F9B7D-3158-4FCD-818B-32D654E584AD}.Debug|x86.Build.0 = Debug|x86
		{B34F9B7D-3158-4FCD-818B-32D654E584AD}.Release|Any CPU.ActiveCfg = Release|x86
		{B34F9B7D-3158-4FCD-818B-32D654E584AD}.Release|Mixed Platforms.ActiveCfg = Release|x86
		{B34F9B7D-3158-4FCD-818B-32D654E584AD}.Release|Mixed Platforms.Build.0 = Release|x86
		{B34F9B7D-3158-4FCD-818B-32D654E584AD}.Release|x64.ActiveCfg = Release|x86
		{B34F9B7D-3158-4FCD-818B-32D654E584AD}.Release|x86.ActiveCfg = Release|x86
		{B34F9B7D-3158-4FCD-818B-32D654E584AD}.Release|x86.Build.0 = Release|x86
		{B500A215-09AB-4328-A2F0-A5BD7C8913C7}.Debug|Any CPU.ActiveCfg = Debug|x86
		{B500A215-09AB-4328-A2F0-A5BD7C8913C7}.Debug|Mixed Platforms.ActiveCfg = Debug|x86
		{B500A215-09AB-4328-A2F0-A5BD7C8913C7}.Debug|Mixed Platforms.Build.0 = Debug|x86
		{B500A215-09AB-4328-A2F0-A5BD7C8913C7}.Debug|x64.ActiveCfg = Debug|x86
		{B500A215-09AB-4328-A2F0-A5BD7C8913C7}.Debug|x86.ActiveCfg = Debug|x86
		{B500A215-09AB-4328-A2F0-A5BD7C8913C7}.Debug|x86.Build.0 = Debug|x86
		{B500A215-09AB-4328-A2F0-A5BD7C8913C7}.Release|Any CPU.ActiveCfg = Release|x86
		{B500A215-09AB-4328-A2F0-A5BD7C8913C7}.Release|Mixed Platforms.ActiveCfg = Release|x86
		{B500A215-09AB-4328-A2F0-A5BD7C8913C7}.Release|Mixed Platforms.Build.0 = Release|x86
		{B500A215-09AB-4328-A2F0-A5BD7C8913C7}.Release|x64.ActiveCfg = Release|x86
		{B500A215-09AB-4328-A2F0-A5BD7C8913C7}.Release|x86.ActiveCfg = Release|x86
		{B500A215-09AB-4328-A2F0-A5BD7C8913C7}.Release|x86.Build.0 = Release|x86
		{332EC200-5E6F-474B-A7A3-0878F0A6E76A}.Debug|Any CPU.ActiveCfg = Debug|Any CPU
		{332EC200-5E6F-474B-A7A3-0878F0A6E76A}.Debug|Any CPU.Build.0 = Debug|Any CPU
		{332EC200-5E6F-474B-A7A3-0878F0A6E76A}.Debug|Mixed Platforms.ActiveCfg = Debug|Any CPU
		{332EC200-5E6F-474B-A7A3-0878F0A6E76A}.Debug|Mixed Platforms.Build.0 = Debug|Any CPU
		{332EC200-5E6F-474B-A7A3-0878F0A6E76A}.Debug|x64.ActiveCfg = Debug|Any CPU
		{332EC200-5E6F-474B-A7A3-0878F0A6E76A}.Debug|x86.ActiveCfg = Debug|Any CPU
		{332EC200-5E6F-474B-A7A3-0878F0A6E76A}.Debug|x86.Build.0 = Debug|Any CPU
		{332EC200-5E6F-474B-A7A3-0878F0A6E76A}.Release|Any CPU.ActiveCfg = Release|Any CPU
		{332EC200-5E6F-474B-A7A3-0878F0A6E76A}.Release|Any CPU.Build.0 = Release|Any CPU
		{332EC200-5E6F-474B-A7A3-0878F0A6E76A}.Release|Mixed Platforms.ActiveCfg = Release|Any CPU
		{332EC200-5E6F-474B-A7A3-0878F0A6E76A}.Release|Mixed Platforms.Build.0 = Release|Any CPU
		{332EC200-5E6F-474B-A7A3-0878F0A6E76A}.Release|x64.ActiveCfg = Release|Any CPU
		{332EC200-5E6F-474B-A7A3-0878F0A6E76A}.Release|x86.ActiveCfg = Release|Any CPU
		{C75532C4-765B-418E-B09B-46D36B2ABDB1}.Debug|Any CPU.ActiveCfg = Debug|Any CPU
		{C75532C4-765B-418E-B09B-46D36B2ABDB1}.Debug|Any CPU.Build.0 = Debug|Any CPU
		{C75532C4-765B-418E-B09B-46D36B2ABDB1}.Debug|Mixed Platforms.ActiveCfg = Debug|Any CPU
		{C75532C4-765B-418E-B09B-46D36B2ABDB1}.Debug|Mixed Platforms.Build.0 = Debug|Any CPU
		{C75532C4-765B-418E-B09B-46D36B2ABDB1}.Debug|x64.ActiveCfg = Debug|Any CPU
		{C75532C4-765B-418E-B09B-46D36B2ABDB1}.Debug|x86.ActiveCfg = Debug|Any CPU
		{C75532C4-765B-418E-B09B-46D36B2ABDB1}.Debug|x86.Build.0 = Debug|Any CPU
		{C75532C4-765B-418E-B09B-46D36B2ABDB1}.Release|Any CPU.ActiveCfg = Release|Any CPU
		{C75532C4-765B-418E-B09B-46D36B2ABDB1}.Release|Any CPU.Build.0 = Release|Any CPU
		{C75532C4-765B-418E-B09B-46D36B2ABDB1}.Release|Mixed Platforms.ActiveCfg = Release|Any CPU
		{C75532C4-765B-418E-B09B-46D36B2ABDB1}.Release|Mixed Platforms.Build.0 = Release|Any CPU
		{C75532C4-765B-418E-B09B-46D36B2ABDB1}.Release|x64.ActiveCfg = Release|Any CPU
		{C75532C4-765B-418E-B09B-46D36B2ABDB1}.Release|x86.ActiveCfg = Release|Any CPU
		{1D3163E6-DC65-4595-9D51-4FD9174F2F61}.Debug|Any CPU.ActiveCfg = Debug|Any CPU
		{1D3163E6-DC65-4595-9D51-4FD9174F2F61}.Debug|Any CPU.Build.0 = Debug|Any CPU
		{1D3163E6-DC65-4595-9D51-4FD9174F2F61}.Debug|Mixed Platforms.ActiveCfg = Debug|Any CPU
		{1D3163E6-DC65-4595-9D51-4FD9174F2F61}.Debug|Mixed Platforms.Build.0 = Debug|Any CPU
		{1D3163E6-DC65-4595-9D51-4FD9174F2F61}.Debug|x64.ActiveCfg = Debug|Any CPU
		{1D3163E6-DC65-4595-9D51-4FD9174F2F61}.Debug|x86.ActiveCfg = Debug|Any CPU
		{1D3163E6-DC65-4595-9D51-4FD9174F2F61}.Release|Any CPU.ActiveCfg = Release|Any CPU
		{1D3163E6-DC65-4595-9D51-4FD9174F2F61}.Release|Any CPU.Build.0 = Release|Any CPU
		{1D3163E6-DC65-4595-9D51-4FD9174F2F61}.Release|Mixed Platforms.ActiveCfg = Release|Any CPU
		{1D3163E6-DC65-4595-9D51-4FD9174F2F61}.Release|Mixed Platforms.Build.0 = Release|Any CPU
		{1D3163E6-DC65-4595-9D51-4FD9174F2F61}.Release|x64.ActiveCfg = Release|Any CPU
		{1D3163E6-DC65-4595-9D51-4FD9174F2F61}.Release|x86.ActiveCfg = Release|Any CPU
		{BCEED3BC-F551-4048-A79F-744BAAFAB752}.Debug|Any CPU.ActiveCfg = Debug|Any CPU
		{BCEED3BC-F551-4048-A79F-744BAAFAB752}.Debug|Any CPU.Build.0 = Debug|Any CPU
		{BCEED3BC-F551-4048-A79F-744BAAFAB752}.Debug|Mixed Platforms.ActiveCfg = Debug|Any CPU
		{BCEED3BC-F551-4048-A79F-744BAAFAB752}.Debug|Mixed Platforms.Build.0 = Debug|Any CPU
		{BCEED3BC-F551-4048-A79F-744BAAFAB752}.Debug|x64.ActiveCfg = Debug|Any CPU
		{BCEED3BC-F551-4048-A79F-744BAAFAB752}.Debug|x86.ActiveCfg = Debug|Any CPU
		{BCEED3BC-F551-4048-A79F-744BAAFAB752}.Debug|x86.Build.0 = Debug|Any CPU
		{BCEED3BC-F551-4048-A79F-744BAAFAB752}.Release|Any CPU.ActiveCfg = Release|Any CPU
		{BCEED3BC-F551-4048-A79F-744BAAFAB752}.Release|Any CPU.Build.0 = Release|Any CPU
		{BCEED3BC-F551-4048-A79F-744BAAFAB752}.Release|Mixed Platforms.ActiveCfg = Release|Any CPU
		{BCEED3BC-F551-4048-A79F-744BAAFAB752}.Release|Mixed Platforms.Build.0 = Release|Any CPU
		{BCEED3BC-F551-4048-A79F-744BAAFAB752}.Release|x64.ActiveCfg = Release|Any CPU
		{BCEED3BC-F551-4048-A79F-744BAAFAB752}.Release|x86.ActiveCfg = Release|Any CPU
		{90E8371F-534B-4112-9371-2FED1258C078}.Debug|Any CPU.ActiveCfg = Debug|Any CPU
		{90E8371F-534B-4112-9371-2FED1258C078}.Debug|Any CPU.Build.0 = Debug|Any CPU
		{90E8371F-534B-4112-9371-2FED1258C078}.Debug|Mixed Platforms.ActiveCfg = Debug|Any CPU
		{90E8371F-534B-4112-9371-2FED1258C078}.Debug|Mixed Platforms.Build.0 = Debug|Any CPU
		{90E8371F-534B-4112-9371-2FED1258C078}.Debug|x64.ActiveCfg = Debug|Any CPU
		{90E8371F-534B-4112-9371-2FED1258C078}.Debug|x86.ActiveCfg = Debug|Any CPU
		{90E8371F-534B-4112-9371-2FED1258C078}.Debug|x86.Build.0 = Debug|Any CPU
		{90E8371F-534B-4112-9371-2FED1258C078}.Release|Any CPU.ActiveCfg = Release|Any CPU
		{90E8371F-534B-4112-9371-2FED1258C078}.Release|Any CPU.Build.0 = Release|Any CPU
		{90E8371F-534B-4112-9371-2FED1258C078}.Release|Mixed Platforms.ActiveCfg = Release|Any CPU
		{90E8371F-534B-4112-9371-2FED1258C078}.Release|Mixed Platforms.Build.0 = Release|Any CPU
		{90E8371F-534B-4112-9371-2FED1258C078}.Release|x64.ActiveCfg = Release|Any CPU
		{90E8371F-534B-4112-9371-2FED1258C078}.Release|x86.ActiveCfg = Release|Any CPU
		{90E8371F-534B-4112-9371-2FED1258C078}.Release|x86.Build.0 = Release|Any CPU
		{E98A1113-29C7-4811-8BA7-748C294B612B}.Debug|Any CPU.ActiveCfg = Debug|Any CPU
		{E98A1113-29C7-4811-8BA7-748C294B612B}.Debug|Any CPU.Build.0 = Debug|Any CPU
		{E98A1113-29C7-4811-8BA7-748C294B612B}.Debug|Mixed Platforms.ActiveCfg = Debug|Any CPU
		{E98A1113-29C7-4811-8BA7-748C294B612B}.Debug|Mixed Platforms.Build.0 = Debug|Any CPU
		{E98A1113-29C7-4811-8BA7-748C294B612B}.Debug|x64.ActiveCfg = Debug|Any CPU
		{E98A1113-29C7-4811-8BA7-748C294B612B}.Debug|x86.ActiveCfg = Debug|Any CPU
		{E98A1113-29C7-4811-8BA7-748C294B612B}.Debug|x86.Build.0 = Debug|Any CPU
		{E98A1113-29C7-4811-8BA7-748C294B612B}.Release|Any CPU.ActiveCfg = Release|Any CPU
		{E98A1113-29C7-4811-8BA7-748C294B612B}.Release|Any CPU.Build.0 = Release|Any CPU
		{E98A1113-29C7-4811-8BA7-748C294B612B}.Release|Mixed Platforms.ActiveCfg = Release|Any CPU
		{E98A1113-29C7-4811-8BA7-748C294B612B}.Release|Mixed Platforms.Build.0 = Release|Any CPU
		{E98A1113-29C7-4811-8BA7-748C294B612B}.Release|x64.ActiveCfg = Release|Any CPU
		{E98A1113-29C7-4811-8BA7-748C294B612B}.Release|x86.ActiveCfg = Release|Any CPU
		{47FF7121-D8B6-4E27-9F9E-402166B67305}.Debug|Any CPU.ActiveCfg = Debug|Any CPU
		{47FF7121-D8B6-4E27-9F9E-402166B67305}.Debug|Any CPU.Build.0 = Debug|Any CPU
		{47FF7121-D8B6-4E27-9F9E-402166B67305}.Debug|Mixed Platforms.ActiveCfg = Debug|Any CPU
		{47FF7121-D8B6-4E27-9F9E-402166B67305}.Debug|Mixed Platforms.Build.0 = Debug|Any CPU
		{47FF7121-D8B6-4E27-9F9E-402166B67305}.Debug|x64.ActiveCfg = Debug|Any CPU
		{47FF7121-D8B6-4E27-9F9E-402166B67305}.Debug|x86.ActiveCfg = Debug|Any CPU
		{47FF7121-D8B6-4E27-9F9E-402166B67305}.Debug|x86.Build.0 = Debug|Any CPU
		{47FF7121-D8B6-4E27-9F9E-402166B67305}.Release|Any CPU.ActiveCfg = Release|Any CPU
		{47FF7121-D8B6-4E27-9F9E-402166B67305}.Release|Any CPU.Build.0 = Release|Any CPU
		{47FF7121-D8B6-4E27-9F9E-402166B67305}.Release|Mixed Platforms.ActiveCfg = Release|Any CPU
		{47FF7121-D8B6-4E27-9F9E-402166B67305}.Release|Mixed Platforms.Build.0 = Release|Any CPU
		{47FF7121-D8B6-4E27-9F9E-402166B67305}.Release|x64.ActiveCfg = Release|Any CPU
		{47FF7121-D8B6-4E27-9F9E-402166B67305}.Release|x86.ActiveCfg = Release|Any CPU
		{A7A170C5-C571-4294-82D4-50FFC8277E92}.Debug|Any CPU.ActiveCfg = Debug|Any CPU
		{A7A170C5-C571-4294-82D4-50FFC8277E92}.Debug|Any CPU.Build.0 = Debug|Any CPU
		{A7A170C5-C571-4294-82D4-50FFC8277E92}.Debug|Mixed Platforms.ActiveCfg = Debug|Any CPU
		{A7A170C5-C571-4294-82D4-50FFC8277E92}.Debug|Mixed Platforms.Build.0 = Debug|Any CPU
		{A7A170C5-C571-4294-82D4-50FFC8277E92}.Debug|x64.ActiveCfg = Debug|Any CPU
		{A7A170C5-C571-4294-82D4-50FFC8277E92}.Debug|x86.ActiveCfg = Debug|Any CPU
		{A7A170C5-C571-4294-82D4-50FFC8277E92}.Debug|x86.Build.0 = Debug|Any CPU
		{A7A170C5-C571-4294-82D4-50FFC8277E92}.Release|Any CPU.ActiveCfg = Release|Any CPU
		{A7A170C5-C571-4294-82D4-50FFC8277E92}.Release|Any CPU.Build.0 = Release|Any CPU
		{A7A170C5-C571-4294-82D4-50FFC8277E92}.Release|Mixed Platforms.ActiveCfg = Release|Any CPU
		{A7A170C5-C571-4294-82D4-50FFC8277E92}.Release|Mixed Platforms.Build.0 = Release|Any CPU
		{A7A170C5-C571-4294-82D4-50FFC8277E92}.Release|x64.ActiveCfg = Release|Any CPU
		{A7A170C5-C571-4294-82D4-50FFC8277E92}.Release|x86.ActiveCfg = Release|Any CPU
		{0D77953E-FD60-4824-A997-AF72E66EF8C1}.Debug|Any CPU.ActiveCfg = Debug|Any CPU
		{0D77953E-FD60-4824-A997-AF72E66EF8C1}.Debug|Any CPU.Build.0 = Debug|Any CPU
		{0D77953E-FD60-4824-A997-AF72E66EF8C1}.Debug|Mixed Platforms.ActiveCfg = Debug|Any CPU
		{0D77953E-FD60-4824-A997-AF72E66EF8C1}.Debug|Mixed Platforms.Build.0 = Debug|Any CPU
		{0D77953E-FD60-4824-A997-AF72E66EF8C1}.Debug|x64.ActiveCfg = Debug|Any CPU
		{0D77953E-FD60-4824-A997-AF72E66EF8C1}.Debug|x86.ActiveCfg = Debug|Any CPU
		{0D77953E-FD60-4824-A997-AF72E66EF8C1}.Debug|x86.Build.0 = Debug|Any CPU
		{0D77953E-FD60-4824-A997-AF72E66EF8C1}.Release|Any CPU.ActiveCfg = Release|Any CPU
		{0D77953E-FD60-4824-A997-AF72E66EF8C1}.Release|Any CPU.Build.0 = Release|Any CPU
		{0D77953E-FD60-4824-A997-AF72E66EF8C1}.Release|Mixed Platforms.ActiveCfg = Release|Any CPU
		{0D77953E-FD60-4824-A997-AF72E66EF8C1}.Release|Mixed Platforms.Build.0 = Release|Any CPU
		{0D77953E-FD60-4824-A997-AF72E66EF8C1}.Release|x64.ActiveCfg = Release|Any CPU
		{0D77953E-FD60-4824-A997-AF72E66EF8C1}.Release|x86.ActiveCfg = Release|Any CPU
		{0D77953E-FD60-4824-A997-AF72E66EF8C1}.Release|x86.Build.0 = Release|Any CPU
		{B5AADBAC-5D88-474B-BF38-EC0F0025415B}.Debug|Any CPU.ActiveCfg = Debug|Any CPU
		{B5AADBAC-5D88-474B-BF38-EC0F0025415B}.Debug|Any CPU.Build.0 = Debug|Any CPU
		{B5AADBAC-5D88-474B-BF38-EC0F0025415B}.Debug|Mixed Platforms.ActiveCfg = Debug|Any CPU
		{B5AADBAC-5D88-474B-BF38-EC0F0025415B}.Debug|Mixed Platforms.Build.0 = Debug|Any CPU
		{B5AADBAC-5D88-474B-BF38-EC0F0025415B}.Debug|x64.ActiveCfg = Debug|Any CPU
		{B5AADBAC-5D88-474B-BF38-EC0F0025415B}.Debug|x86.ActiveCfg = Debug|Any CPU
		{B5AADBAC-5D88-474B-BF38-EC0F0025415B}.Debug|x86.Build.0 = Debug|Any CPU
		{B5AADBAC-5D88-474B-BF38-EC0F0025415B}.Release|Any CPU.ActiveCfg = Release|Any CPU
		{B5AADBAC-5D88-474B-BF38-EC0F0025415B}.Release|Any CPU.Build.0 = Release|Any CPU
		{B5AADBAC-5D88-474B-BF38-EC0F0025415B}.Release|Mixed Platforms.ActiveCfg = Release|Any CPU
		{B5AADBAC-5D88-474B-BF38-EC0F0025415B}.Release|Mixed Platforms.Build.0 = Release|Any CPU
		{B5AADBAC-5D88-474B-BF38-EC0F0025415B}.Release|x64.ActiveCfg = Release|Any CPU
		{B5AADBAC-5D88-474B-BF38-EC0F0025415B}.Release|x86.ActiveCfg = Release|Any CPU
		{B5AADBAC-5D88-474B-BF38-EC0F0025415B}.Release|x86.Build.0 = Release|Any CPU
		{EB9EB542-195E-40E1-9376-B9996FD150D9}.Debug|Any CPU.ActiveCfg = Debug|Any CPU
		{EB9EB542-195E-40E1-9376-B9996FD150D9}.Debug|Any CPU.Build.0 = Debug|Any CPU
		{EB9EB542-195E-40E1-9376-B9996FD150D9}.Debug|Mixed Platforms.ActiveCfg = Debug|x86
		{EB9EB542-195E-40E1-9376-B9996FD150D9}.Debug|Mixed Platforms.Build.0 = Debug|x86
		{EB9EB542-195E-40E1-9376-B9996FD150D9}.Debug|x64.ActiveCfg = Debug|x64
		{EB9EB542-195E-40E1-9376-B9996FD150D9}.Debug|x64.Build.0 = Debug|x64
		{EB9EB542-195E-40E1-9376-B9996FD150D9}.Debug|x86.ActiveCfg = Debug|x86
		{EB9EB542-195E-40E1-9376-B9996FD150D9}.Debug|x86.Build.0 = Debug|x86
		{EB9EB542-195E-40E1-9376-B9996FD150D9}.Release|Any CPU.ActiveCfg = Release|Any CPU
		{EB9EB542-195E-40E1-9376-B9996FD150D9}.Release|Any CPU.Build.0 = Release|Any CPU
		{EB9EB542-195E-40E1-9376-B9996FD150D9}.Release|Mixed Platforms.ActiveCfg = Release|x86
		{EB9EB542-195E-40E1-9376-B9996FD150D9}.Release|Mixed Platforms.Build.0 = Release|x86
		{EB9EB542-195E-40E1-9376-B9996FD150D9}.Release|x64.ActiveCfg = Release|x64
		{EB9EB542-195E-40E1-9376-B9996FD150D9}.Release|x64.Build.0 = Release|x64
		{EB9EB542-195E-40E1-9376-B9996FD150D9}.Release|x86.ActiveCfg = Release|x86
		{EB9EB542-195E-40E1-9376-B9996FD150D9}.Release|x86.Build.0 = Release|x86
		{82FF5F88-B92C-4E12-9140-6CB3858A0225}.Debug|Any CPU.ActiveCfg = Debug|x86
		{82FF5F88-B92C-4E12-9140-6CB3858A0225}.Debug|Mixed Platforms.ActiveCfg = Debug|x86
		{82FF5F88-B92C-4E12-9140-6CB3858A0225}.Debug|Mixed Platforms.Build.0 = Debug|x86
		{82FF5F88-B92C-4E12-9140-6CB3858A0225}.Debug|x64.ActiveCfg = Debug|x86
		{82FF5F88-B92C-4E12-9140-6CB3858A0225}.Debug|x86.ActiveCfg = Debug|x86
		{82FF5F88-B92C-4E12-9140-6CB3858A0225}.Debug|x86.Build.0 = Debug|x86
		{82FF5F88-B92C-4E12-9140-6CB3858A0225}.Release|Any CPU.ActiveCfg = Release|x86
		{82FF5F88-B92C-4E12-9140-6CB3858A0225}.Release|Mixed Platforms.ActiveCfg = Release|x86
		{82FF5F88-B92C-4E12-9140-6CB3858A0225}.Release|Mixed Platforms.Build.0 = Release|x86
		{82FF5F88-B92C-4E12-9140-6CB3858A0225}.Release|x64.ActiveCfg = Release|x86
		{82FF5F88-B92C-4E12-9140-6CB3858A0225}.Release|x86.ActiveCfg = Release|x86
		{82FF5F88-B92C-4E12-9140-6CB3858A0225}.Release|x86.Build.0 = Release|x86
		{52B4F9EF-F399-466D-A0F8-3873D8FED0F1}.Debug|Any CPU.ActiveCfg = Debug|Any CPU
		{52B4F9EF-F399-466D-A0F8-3873D8FED0F1}.Debug|Any CPU.Build.0 = Debug|Any CPU
		{52B4F9EF-F399-466D-A0F8-3873D8FED0F1}.Debug|Mixed Platforms.ActiveCfg = Debug|Any CPU
		{52B4F9EF-F399-466D-A0F8-3873D8FED0F1}.Debug|Mixed Platforms.Build.0 = Debug|Any CPU
		{52B4F9EF-F399-466D-A0F8-3873D8FED0F1}.Debug|x64.ActiveCfg = Debug|Any CPU
		{52B4F9EF-F399-466D-A0F8-3873D8FED0F1}.Debug|x86.ActiveCfg = Debug|Any CPU
		{52B4F9EF-F399-466D-A0F8-3873D8FED0F1}.Release|Any CPU.ActiveCfg = Release|Any CPU
		{52B4F9EF-F399-466D-A0F8-3873D8FED0F1}.Release|Any CPU.Build.0 = Release|Any CPU
		{52B4F9EF-F399-466D-A0F8-3873D8FED0F1}.Release|Mixed Platforms.ActiveCfg = Release|Any CPU
		{52B4F9EF-F399-466D-A0F8-3873D8FED0F1}.Release|Mixed Platforms.Build.0 = Release|Any CPU
		{52B4F9EF-F399-466D-A0F8-3873D8FED0F1}.Release|x64.ActiveCfg = Release|Any CPU
		{52B4F9EF-F399-466D-A0F8-3873D8FED0F1}.Release|x86.ActiveCfg = Release|Any CPU
		{3CE41957-F003-4EEF-82AB-3EBB2F88DDBC}.Debug|Any CPU.ActiveCfg = Debug|Any CPU
		{3CE41957-F003-4EEF-82AB-3EBB2F88DDBC}.Debug|Any CPU.Build.0 = Debug|Any CPU
		{3CE41957-F003-4EEF-82AB-3EBB2F88DDBC}.Debug|Mixed Platforms.ActiveCfg = Debug|x86
		{3CE41957-F003-4EEF-82AB-3EBB2F88DDBC}.Debug|Mixed Platforms.Build.0 = Debug|x86
		{3CE41957-F003-4EEF-82AB-3EBB2F88DDBC}.Debug|x64.ActiveCfg = Debug|x86
		{3CE41957-F003-4EEF-82AB-3EBB2F88DDBC}.Debug|x86.ActiveCfg = Debug|x86
		{3CE41957-F003-4EEF-82AB-3EBB2F88DDBC}.Debug|x86.Build.0 = Debug|x86
		{3CE41957-F003-4EEF-82AB-3EBB2F88DDBC}.Release|Any CPU.ActiveCfg = Release|Any CPU
		{3CE41957-F003-4EEF-82AB-3EBB2F88DDBC}.Release|Any CPU.Build.0 = Release|Any CPU
		{3CE41957-F003-4EEF-82AB-3EBB2F88DDBC}.Release|Mixed Platforms.ActiveCfg = Release|x86
		{3CE41957-F003-4EEF-82AB-3EBB2F88DDBC}.Release|Mixed Platforms.Build.0 = Release|x86
		{3CE41957-F003-4EEF-82AB-3EBB2F88DDBC}.Release|x64.ActiveCfg = Release|x86
		{3CE41957-F003-4EEF-82AB-3EBB2F88DDBC}.Release|x86.ActiveCfg = Release|x86
		{3CE41957-F003-4EEF-82AB-3EBB2F88DDBC}.Release|x86.Build.0 = Release|x86
	EndGlobalSection
	GlobalSection(SolutionProperties) = preSolution
		HideSolutionNode = FALSE
	EndGlobalSection
	GlobalSection(MonoDevelopProperties) = preSolution
		StartupItem = GroundControl_Win\GroundControl_Win.csproj
	EndGlobalSection
EndGlobal
